
Microsoft Visual Studio Solution File, Format Version 12.00
# Visual Studio Version 16
VisualStudioVersion = 16.0.31129.286
MinimumVisualStudioVersion = 10.0.40219.1
Project("{FAE04EC0-301F-11D3-BF4B-00C04F79EFBC}") = "ProjektPizza", "ProjektPizza\ProjektPizza.csproj", "{2F44EFE6-96C4-4A63-BF46-1CC0AD2AF950}"
EndProject
Global
	GlobalSection(SolutionConfigurationPlatforms) = preSolution
		Debug|Any CPU = Debug|Any CPU
		Release|Any CPU = Release|Any CPU
	EndGlobalSection
	GlobalSection(ProjectConfigurationPlatforms) = postSolution
		{2F44EFE6-96C4-4A63-BF46-1CC0AD2AF950}.Debug|Any CPU.ActiveCfg = Debug|Any CPU
		{2F44EFE6-96C4-4A63-BF46-1CC0AD2AF950}.Debug|Any CPU.Build.0 = Debug|Any CPU
		{2F44EFE6-96C4-4A63-BF46-1CC0AD2AF950}.Release|Any CPU.ActiveCfg = Release|Any CPU
		{2F44EFE6-96C4-4A63-BF46-1CC0AD2AF950}.Release|Any CPU.Build.0 = Release|Any CPU
	EndGlobalSection
	GlobalSection(SolutionProperties) = preSolution
		HideSolutionNode = FALSE
	EndGlobalSection
	GlobalSection(ExtensibilityGlobals) = postSolution
		SolutionGuid = {4843773C-CF51-4886-B713-E05F94F03955}
	EndGlobalSection
EndGlobal
